
Microsoft Visual Studio Solution File, Format Version 12.00
# Visual Studio Version 17
VisualStudioVersion = 17.8.34330.188
MinimumVisualStudioVersion = 10.0.40219.1
Project("{FAE04EC0-301F-11D3-BF4B-00C04F79EFBC}") = "MovieApp", "MovieApp.csproj", "{9B8F4735-CDFB-4B91-87F4-BCE16CDB02DC}"
EndProject
Global
	GlobalSection(SolutionConfigurationPlatforms) = preSolution
		Debug|Any CPU = Debug|Any CPU
		Release|Any CPU = Release|Any CPU
	EndGlobalSection
	GlobalSection(ProjectConfigurationPlatforms) = postSolution
		{9B8F4735-CDFB-4B91-87F4-BCE16CDB02DC}.Debug|Any CPU.ActiveCfg = Debug|Any CPU
		{9B8F4735-CDFB-4B91-87F4-BCE16CDB02DC}.Debug|Any CPU.Build.0 = Debug|Any CPU
		{9B8F4735-CDFB-4B91-87F4-BCE16CDB02DC}.Release|Any CPU.ActiveCfg = Release|Any CPU
		{9B8F4735-CDFB-4B91-87F4-BCE16CDB02DC}.Release|Any CPU.Build.0 = Release|Any CPU
	EndGlobalSection
	GlobalSection(SolutionProperties) = preSolution
		HideSolutionNode = FALSE
	EndGlobalSection
	GlobalSection(ExtensibilityGlobals) = postSolution
		SolutionGuid = {F77E9374-022D-4A40-BF62-08591B6EB54F}
	EndGlobalSection
EndGlobal
