
Microsoft Visual Studio Solution File, Format Version 12.00
# Visual Studio Version 17
VisualStudioVersion = 17.8.34330.188
MinimumVisualStudioVersion = 10.0.40219.1
Project("{9A19103F-16F7-4668-BE54-9A1E7A4F7556}") = "MovieApi", "MovieApi.csproj", "{66D8B1F2-23DC-4B19-9547-07E224729DF1}"
EndProject
Project("{FAE04EC0-301F-11D3-BF4B-00C04F79EFBC}") = "ReadingVideoFileSolutions", "..\ReadingVideoFileSolutions\ReadingVideoFileSolutions.csproj", "{F254CAE2-77DD-4C74-8863-B862A90B3CAC}"
EndProject
Global
	GlobalSection(SolutionConfigurationPlatforms) = preSolution
		Debug|Any CPU = Debug|Any CPU
		Release|Any CPU = Release|Any CPU
	EndGlobalSection
	GlobalSection(ProjectConfigurationPlatforms) = postSolution
		{66D8B1F2-23DC-4B19-9547-07E224729DF1}.Debug|Any CPU.ActiveCfg = Debug|Any CPU
		{66D8B1F2-23DC-4B19-9547-07E224729DF1}.Debug|Any CPU.Build.0 = Debug|Any CPU
		{66D8B1F2-23DC-4B19-9547-07E224729DF1}.Release|Any CPU.ActiveCfg = Release|Any CPU
		{66D8B1F2-23DC-4B19-9547-07E224729DF1}.Release|Any CPU.Build.0 = Release|Any CPU
		{F254CAE2-77DD-4C74-8863-B862A90B3CAC}.Debug|Any CPU.ActiveCfg = Debug|Any CPU
		{F254CAE2-77DD-4C74-8863-B862A90B3CAC}.Debug|Any CPU.Build.0 = Debug|Any CPU
		{F254CAE2-77DD-4C74-8863-B862A90B3CAC}.Release|Any CPU.ActiveCfg = Release|Any CPU
		{F254CAE2-77DD-4C74-8863-B862A90B3CAC}.Release|Any CPU.Build.0 = Release|Any CPU
	EndGlobalSection
	GlobalSection(SolutionProperties) = preSolution
		HideSolutionNode = FALSE
	EndGlobalSection
	GlobalSection(ExtensibilityGlobals) = postSolution
		SolutionGuid = {0ACEBB5B-93FC-498A-BDC8-89A2D7DF675C}
	EndGlobalSection
EndGlobal